// !$*UTF8*$!
{
	archiveVersion = 1;
	classes = {
	};
	objectVersion = 55;
	objects = {

/* Begin PBXBuildFile section */
		5E994AFF9A20C072FF730260 /* Pods_ecom.framework in Frameworks */ = {isa = PBXBuildFile; fileRef = CD48D03FC631DC30AF29B8E2 /* Pods_ecom.framework */; };
		9402BB60274D302B0020E795 /* UTextView.swift in Sources */ = {isa = PBXBuildFile; fileRef = 9402BB5F274D302B0020E795 /* UTextView.swift */; };
		940E0FEC27466F62009BEDFC /* ecomApp.swift in Sources */ = {isa = PBXBuildFile; fileRef = 940E0FEB27466F62009BEDFC /* ecomApp.swift */; };
		940E0FEE27466F62009BEDFC /* RootView.swift in Sources */ = {isa = PBXBuildFile; fileRef = 940E0FED27466F62009BEDFC /* RootView.swift */; };
		940E0FF027466F66009BEDFC /* Assets.xcassets in Resources */ = {isa = PBXBuildFile; fileRef = 940E0FEF27466F66009BEDFC /* Assets.xcassets */; };
		940E0FF327466F66009BEDFC /* Preview Assets.xcassets in Resources */ = {isa = PBXBuildFile; fileRef = 940E0FF227466F66009BEDFC /* Preview Assets.xcassets */; };
		940E0FFB27466F98009BEDFC /* PrimaryButton.swift in Sources */ = {isa = PBXBuildFile; fileRef = 940E0FFA27466F98009BEDFC /* PrimaryButton.swift */; };
		940E0FFD27467389009BEDFC /* ShareButton.swift in Sources */ = {isa = PBXBuildFile; fileRef = 940E0FFC27467388009BEDFC /* ShareButton.swift */; };
		940E0FFF27467508009BEDFC /* SeeMoreButton.swift in Sources */ = {isa = PBXBuildFile; fileRef = 940E0FFE27467508009BEDFC /* SeeMoreButton.swift */; };
		940E100127467850009BEDFC /* NumberView.swift in Sources */ = {isa = PBXBuildFile; fileRef = 940E100027467850009BEDFC /* NumberView.swift */; };
		940E1003274678DF009BEDFC /* Colors.swift in Sources */ = {isa = PBXBuildFile; fileRef = 940E1002274678DF009BEDFC /* Colors.swift */; };
		940E10052746872A009BEDFC /* OutlinedButton.swift in Sources */ = {isa = PBXBuildFile; fileRef = 940E10042746872A009BEDFC /* OutlinedButton.swift */; };
		940E10072746A2F9009BEDFC /* RatingView.swift in Sources */ = {isa = PBXBuildFile; fileRef = 940E10062746A2F9009BEDFC /* RatingView.swift */; };
		9424F6E52746BF9500BFE108 /* IndicatorView.swift in Sources */ = {isa = PBXBuildFile; fileRef = 9424F6E42746BF9500BFE108 /* IndicatorView.swift */; };
		9424F6E72746C23100BFE108 /* TagView.swift in Sources */ = {isa = PBXBuildFile; fileRef = 9424F6E62746C23100BFE108 /* TagView.swift */; };
		942E54F4274787F400E029EA /* NextCircularButton.swift in Sources */ = {isa = PBXBuildFile; fileRef = 942E54F3274787F400E029EA /* NextCircularButton.swift */; };
		9473B5E6276D5BC300BA6E6F /* PortalView.swift in Sources */ = {isa = PBXBuildFile; fileRef = 9473B5E5276D5BC300BA6E6F /* PortalView.swift */; };
		947DAA622765E19400984474 /* UTabView.swift in Sources */ = {isa = PBXBuildFile; fileRef = 947DAA612765E19400984474 /* UTabView.swift */; };
		9491CEE9276F6427005C86FB /* MainView.swift in Sources */ = {isa = PBXBuildFile; fileRef = 9491CEE8276F6427005C86FB /* MainView.swift */; };
		9491CEEC276F6462005C86FB /* Text+Extension.swift in Sources */ = {isa = PBXBuildFile; fileRef = 9491CEEB276F6462005C86FB /* Text+Extension.swift */; };
/* End PBXBuildFile section */

/* Begin PBXFileReference section */
		422C4D686EC804768230A001 /* Pods-ecom.debug.xcconfig */ = {isa = PBXFileReference; includeInIndex = 1; lastKnownFileType = text.xcconfig; name = "Pods-ecom.debug.xcconfig"; path = "Target Support Files/Pods-ecom/Pods-ecom.debug.xcconfig"; sourceTree = "<group>"; };
		9402BB5F274D302B0020E795 /* UTextView.swift */ = {isa = PBXFileReference; lastKnownFileType = sourcecode.swift; path = UTextView.swift; sourceTree = "<group>"; };
		940E0FE827466F62009BEDFC /* ecom.app */ = {isa = PBXFileReference; explicitFileType = wrapper.application; includeInIndex = 0; path = ecom.app; sourceTree = BUILT_PRODUCTS_DIR; };
		940E0FEB27466F62009BEDFC /* ecomApp.swift */ = {isa = PBXFileReference; lastKnownFileType = sourcecode.swift; path = ecomApp.swift; sourceTree = "<group>"; };
		940E0FED27466F62009BEDFC /* RootView.swift */ = {isa = PBXFileReference; lastKnownFileType = sourcecode.swift; path = RootView.swift; sourceTree = "<group>"; };
		940E0FEF27466F66009BEDFC /* Assets.xcassets */ = {isa = PBXFileReference; lastKnownFileType = folder.assetcatalog; path = Assets.xcassets; sourceTree = "<group>"; };
		940E0FF227466F66009BEDFC /* Preview Assets.xcassets */ = {isa = PBXFileReference; lastKnownFileType = folder.assetcatalog; path = "Preview Assets.xcassets"; sourceTree = "<group>"; };
		940E0FFA27466F98009BEDFC /* PrimaryButton.swift */ = {isa = PBXFileReference; lastKnownFileType = sourcecode.swift; path = PrimaryButton.swift; sourceTree = "<group>"; };
		940E0FFC27467388009BEDFC /* ShareButton.swift */ = {isa = PBXFileReference; lastKnownFileType = sourcecode.swift; path = ShareButton.swift; sourceTree = "<group>"; };
		940E0FFE27467508009BEDFC /* SeeMoreButton.swift */ = {isa = PBXFileReference; lastKnownFileType = sourcecode.swift; path = SeeMoreButton.swift; sourceTree = "<group>"; };
		940E100027467850009BEDFC /* NumberView.swift */ = {isa = PBXFileReference; lastKnownFileType = sourcecode.swift; path = NumberView.swift; sourceTree = "<group>"; };
		940E1002274678DF009BEDFC /* Colors.swift */ = {isa = PBXFileReference; lastKnownFileType = sourcecode.swift; path = Colors.swift; sourceTree = "<group>"; };
		940E10042746872A009BEDFC /* OutlinedButton.swift */ = {isa = PBXFileReference; lastKnownFileType = sourcecode.swift; path = OutlinedButton.swift; sourceTree = "<group>"; };
		940E10062746A2F9009BEDFC /* RatingView.swift */ = {isa = PBXFileReference; lastKnownFileType = sourcecode.swift; path = RatingView.swift; sourceTree = "<group>"; };
		9424F6E42746BF9500BFE108 /* IndicatorView.swift */ = {isa = PBXFileReference; lastKnownFileType = sourcecode.swift; path = IndicatorView.swift; sourceTree = "<group>"; };
		9424F6E62746C23100BFE108 /* TagView.swift */ = {isa = PBXFileReference; lastKnownFileType = sourcecode.swift; path = TagView.swift; sourceTree = "<group>"; };
		942E54F3274787F400E029EA /* NextCircularButton.swift */ = {isa = PBXFileReference; lastKnownFileType = sourcecode.swift; path = NextCircularButton.swift; sourceTree = "<group>"; };
		9473B5E5276D5BC300BA6E6F /* PortalView.swift */ = {isa = PBXFileReference; lastKnownFileType = sourcecode.swift; path = PortalView.swift; sourceTree = "<group>"; };
		947DAA612765E19400984474 /* UTabView.swift */ = {isa = PBXFileReference; lastKnownFileType = sourcecode.swift; path = UTabView.swift; sourceTree = "<group>"; };
		9491CEE8276F6427005C86FB /* MainView.swift */ = {isa = PBXFileReference; lastKnownFileType = sourcecode.swift; path = MainView.swift; sourceTree = "<group>"; };
		9491CEEB276F6462005C86FB /* Text+Extension.swift */ = {isa = PBXFileReference; lastKnownFileType = sourcecode.swift; path = "Text+Extension.swift"; sourceTree = "<group>"; };
		B71CD5DF8BFE52DB7FF863E4 /* Pods-ecom.release.xcconfig */ = {isa = PBXFileReference; includeInIndex = 1; lastKnownFileType = text.xcconfig; name = "Pods-ecom.release.xcconfig"; path = "Target Support Files/Pods-ecom/Pods-ecom.release.xcconfig"; sourceTree = "<group>"; };
		CD48D03FC631DC30AF29B8E2 /* Pods_ecom.framework */ = {isa = PBXFileReference; explicitFileType = wrapper.framework; includeInIndex = 0; path = Pods_ecom.framework; sourceTree = BUILT_PRODUCTS_DIR; };
/* End PBXFileReference section */

/* Begin PBXFrameworksBuildPhase section */
		940E0FE527466F62009BEDFC /* Frameworks */ = {
			isa = PBXFrameworksBuildPhase;
			buildActionMask = 2147483647;
			files = (
				5E994AFF9A20C072FF730260 /* Pods_ecom.framework in Frameworks */,
			);
			runOnlyForDeploymentPostprocessing = 0;
		};
/* End PBXFrameworksBuildPhase section */

/* Begin PBXGroup section */
		01AAC9845DC5E3A686FBBA2D /* Frameworks */ = {
			isa = PBXGroup;
			children = (
				CD48D03FC631DC30AF29B8E2 /* Pods_ecom.framework */,
			);
			name = Frameworks;
			sourceTree = "<group>";
		};
		940E0FDF27466F62009BEDFC = {
			isa = PBXGroup;
			children = (
				940E0FEA27466F62009BEDFC /* ecom */,
				940E0FE927466F62009BEDFC /* Products */,
				F356A088A62BCCCC2EDCFA7B /* Pods */,
				01AAC9845DC5E3A686FBBA2D /* Frameworks */,
			);
			sourceTree = "<group>";
		};
		940E0FE927466F62009BEDFC /* Products */ = {
			isa = PBXGroup;
			children = (
				940E0FE827466F62009BEDFC /* ecom.app */,
			);
			name = Products;
			sourceTree = "<group>";
		};
		940E0FEA27466F62009BEDFC /* ecom */ = {
			isa = PBXGroup;
			children = (
				9491CEEA276F644E005C86FB /* extensions */,
				9473B5E4276D5BAB00BA6E6F /* views */,
				940E0FF927466F7C009BEDFC /* component */,
				940E0FEB27466F62009BEDFC /* ecomApp.swift */,
				940E0FEF27466F66009BEDFC /* Assets.xcassets */,
				940E0FF127466F66009BEDFC /* Preview Content */,
			);
			path = ecom;
			sourceTree = "<group>";
		};
		940E0FF127466F66009BEDFC /* Preview Content */ = {
			isa = PBXGroup;
			children = (
				940E0FF227466F66009BEDFC /* Preview Assets.xcassets */,
			);
			path = "Preview Content";
			sourceTree = "<group>";
		};
		940E0FF927466F7C009BEDFC /* component */ = {
			isa = PBXGroup;
			children = (
				940E0FFA27466F98009BEDFC /* PrimaryButton.swift */,
				940E0FFC27467388009BEDFC /* ShareButton.swift */,
				940E0FFE27467508009BEDFC /* SeeMoreButton.swift */,
				940E100027467850009BEDFC /* NumberView.swift */,
				940E1002274678DF009BEDFC /* Colors.swift */,
				940E10042746872A009BEDFC /* OutlinedButton.swift */,
				940E10062746A2F9009BEDFC /* RatingView.swift */,
				9424F6E42746BF9500BFE108 /* IndicatorView.swift */,
				9424F6E62746C23100BFE108 /* TagView.swift */,
				942E54F3274787F400E029EA /* NextCircularButton.swift */,
				9402BB5F274D302B0020E795 /* UTextView.swift */,
				947DAA612765E19400984474 /* UTabView.swift */,
			);
			path = component;
			sourceTree = "<group>";
		};
		9473B5E4276D5BAB00BA6E6F /* views */ = {
			isa = PBXGroup;
			children = (
				940E0FED27466F62009BEDFC /* RootView.swift */,
				9473B5E5276D5BC300BA6E6F /* PortalView.swift */,
				9491CEE8276F6427005C86FB /* MainView.swift */,
			);
			path = views;
			sourceTree = "<group>";
		};
		9491CEEA276F644E005C86FB /* extensions */ = {
			isa = PBXGroup;
			children = (
				9491CEEB276F6462005C86FB /* Text+Extension.swift */,
			);
			path = extensions;
			sourceTree = "<group>";
		};
		F356A088A62BCCCC2EDCFA7B /* Pods */ = {
			isa = PBXGroup;
			children = (
				422C4D686EC804768230A001 /* Pods-ecom.debug.xcconfig */,
				B71CD5DF8BFE52DB7FF863E4 /* Pods-ecom.release.xcconfig */,
			);
			path = Pods;
			sourceTree = "<group>";
		};
/* End PBXGroup section */

/* Begin PBXNativeTarget section */
		940E0FE727466F62009BEDFC /* ecom */ = {
			isa = PBXNativeTarget;
			buildConfigurationList = 940E0FF627466F66009BEDFC /* Build configuration list for PBXNativeTarget "ecom" */;
			buildPhases = (
				7DE5908812A504D4B2178579 /* [CP] Check Pods Manifest.lock */,
				940E0FE427466F62009BEDFC /* Sources */,
				940E0FE527466F62009BEDFC /* Frameworks */,
				940E0FE627466F62009BEDFC /* Resources */,
				E4197EE1BED173D4AD92F2F0 /* [CP] Embed Pods Frameworks */,
			);
			buildRules = (
			);
			dependencies = (
			);
			name = ecom;
			productName = ecom;
			productReference = 940E0FE827466F62009BEDFC /* ecom.app */;
			productType = "com.apple.product-type.application";
		};
/* End PBXNativeTarget section */

/* Begin PBXProject section */
		940E0FE027466F62009BEDFC /* Project object */ = {
			isa = PBXProject;
			attributes = {
				BuildIndependentTargetsInParallel = 1;
				LastSwiftUpdateCheck = 1310;
				LastUpgradeCheck = 1310;
				TargetAttributes = {
					940E0FE727466F62009BEDFC = {
						CreatedOnToolsVersion = 13.1;
					};
				};
			};
			buildConfigurationList = 940E0FE327466F62009BEDFC /* Build configuration list for PBXProject "ecom" */;
			compatibilityVersion = "Xcode 13.0";
			developmentRegion = en;
			hasScannedForEncodings = 0;
			knownRegions = (
				en,
				Base,
			);
			mainGroup = 940E0FDF27466F62009BEDFC;
			productRefGroup = 940E0FE927466F62009BEDFC /* Products */;
			projectDirPath = "";
			projectRoot = "";
			targets = (
				940E0FE727466F62009BEDFC /* ecom */,
			);
		};
/* End PBXProject section */

/* Begin PBXResourcesBuildPhase section */
		940E0FE627466F62009BEDFC /* Resources */ = {
			isa = PBXResourcesBuildPhase;
			buildActionMask = 2147483647;
			files = (
				940E0FF327466F66009BEDFC /* Preview Assets.xcassets in Resources */,
				940E0FF027466F66009BEDFC /* Assets.xcassets in Resources */,
			);
			runOnlyForDeploymentPostprocessing = 0;
		};
/* End PBXResourcesBuildPhase section */

/* Begin PBXShellScriptBuildPhase section */
		7DE5908812A504D4B2178579 /* [CP] Check Pods Manifest.lock */ = {
			isa = PBXShellScriptBuildPhase;
			buildActionMask = 2147483647;
			files = (
			);
			inputFileListPaths = (
			);
			inputPaths = (
				"${PODS_PODFILE_DIR_PATH}/Podfile.lock",
				"${PODS_ROOT}/Manifest.lock",
			);
			name = "[CP] Check Pods Manifest.lock";
			outputFileListPaths = (
			);
			outputPaths = (
				"$(DERIVED_FILE_DIR)/Pods-ecom-checkManifestLockResult.txt",
			);
			runOnlyForDeploymentPostprocessing = 0;
			shellPath = /bin/sh;
			shellScript = "diff \"${PODS_PODFILE_DIR_PATH}/Podfile.lock\" \"${PODS_ROOT}/Manifest.lock\" > /dev/null\nif [ $? != 0 ] ; then\n    # print error to STDERR\n    echo \"error: The sandbox is not in sync with the Podfile.lock. Run 'pod install' or update your CocoaPods installation.\" >&2\n    exit 1\nfi\n# This output is used by Xcode 'outputs' to avoid re-running this script phase.\necho \"SUCCESS\" > \"${SCRIPT_OUTPUT_FILE_0}\"\n";
			showEnvVarsInLog = 0;
		};
		E4197EE1BED173D4AD92F2F0 /* [CP] Embed Pods Frameworks */ = {
			isa = PBXShellScriptBuildPhase;
			buildActionMask = 2147483647;
			files = (
			);
			inputFileListPaths = (
				"${PODS_ROOT}/Target Support Files/Pods-ecom/Pods-ecom-frameworks-${CONFIGURATION}-input-files.xcfilelist",
			);
			name = "[CP] Embed Pods Frameworks";
			outputFileListPaths = (
				"${PODS_ROOT}/Target Support Files/Pods-ecom/Pods-ecom-frameworks-${CONFIGURATION}-output-files.xcfilelist",
			);
			runOnlyForDeploymentPostprocessing = 0;
			shellPath = /bin/sh;
			shellScript = "\"${PODS_ROOT}/Target Support Files/Pods-ecom/Pods-ecom-frameworks.sh\"\n";
			showEnvVarsInLog = 0;
		};
/* End PBXShellScriptBuildPhase section */

/* Begin PBXSourcesBuildPhase section */
		940E0FE427466F62009BEDFC /* Sources */ = {
			isa = PBXSourcesBuildPhase;
			buildActionMask = 2147483647;
			files = (
				940E0FFB27466F98009BEDFC /* PrimaryButton.swift in Sources */,
				9491CEEC276F6462005C86FB /* Text+Extension.swift in Sources */,
				940E0FEE27466F62009BEDFC /* RootView.swift in Sources */,
				9424F6E72746C23100BFE108 /* TagView.swift in Sources */,
				9473B5E6276D5BC300BA6E6F /* PortalView.swift in Sources */,
				940E0FFF27467508009BEDFC /* SeeMoreButton.swift in Sources */,
				940E10072746A2F9009BEDFC /* RatingView.swift in Sources */,
				9424F6E52746BF9500BFE108 /* IndicatorView.swift in Sources */,
				940E1003274678DF009BEDFC /* Colors.swift in Sources */,
				9402BB60274D302B0020E795 /* UTextView.swift in Sources */,
				947DAA622765E19400984474 /* UTabView.swift in Sources */,
				942E54F4274787F400E029EA /* NextCircularButton.swift in Sources */,
				940E0FEC27466F62009BEDFC /* ecomApp.swift in Sources */,
				940E0FFD27467389009BEDFC /* ShareButton.swift in Sources */,
				9491CEE9276F6427005C86FB /* MainView.swift in Sources */,
				940E100127467850009BEDFC /* NumberView.swift in Sources */,
				940E10052746872A009BEDFC /* OutlinedButton.swift in Sources */,
			);
			runOnlyForDeploymentPostprocessing = 0;
		};
/* End PBXSourcesBuildPhase section */

/* Begin XCBuildConfiguration section */
		940E0FF427466F66009BEDFC /* Debug */ = {
			isa = XCBuildConfiguration;
			buildSettings = {
				ALWAYS_SEARCH_USER_PATHS = NO;
				CLANG_ANALYZER_NONNULL = YES;
				CLANG_ANALYZER_NUMBER_OBJECT_CONVERSION = YES_AGGRESSIVE;
				CLANG_CXX_LANGUAGE_STANDARD = "gnu++17";
				CLANG_CXX_LIBRARY = "libc++";
				CLANG_ENABLE_MODULES = YES;
				CLANG_ENABLE_OBJC_ARC = YES;
				CLANG_ENABLE_OBJC_WEAK = YES;
				CLANG_WARN_BLOCK_CAPTURE_AUTORELEASING = YES;
				CLANG_WARN_BOOL_CONVERSION = YES;
				CLANG_WARN_COMMA = YES;
				CLANG_WARN_CONSTANT_CONVERSION = YES;
				CLANG_WARN_DEPRECATED_OBJC_IMPLEMENTATIONS = YES;
				CLANG_WARN_DIRECT_OBJC_ISA_USAGE = YES_ERROR;
				CLANG_WARN_DOCUMENTATION_COMMENTS = YES;
				CLANG_WARN_EMPTY_BODY = YES;
				CLANG_WARN_ENUM_CONVERSION = YES;
				CLANG_WARN_INFINITE_RECURSION = YES;
				CLANG_WARN_INT_CONVERSION = YES;
				CLANG_WARN_NON_LITERAL_NULL_CONVERSION = YES;
				CLANG_WARN_OBJC_IMPLICIT_RETAIN_SELF = YES;
				CLANG_WARN_OBJC_LITERAL_CONVERSION = YES;
				CLANG_WARN_OBJC_ROOT_CLASS = YES_ERROR;
				CLANG_WARN_QUOTED_INCLUDE_IN_FRAMEWORK_HEADER = YES;
				CLANG_WARN_RANGE_LOOP_ANALYSIS = YES;
				CLANG_WARN_STRICT_PROTOTYPES = YES;
				CLANG_WARN_SUSPICIOUS_MOVE = YES;
				CLANG_WARN_UNGUARDED_AVAILABILITY = YES_AGGRESSIVE;
				CLANG_WARN_UNREACHABLE_CODE = YES;
				CLANG_WARN__DUPLICATE_METHOD_MATCH = YES;
				COPY_PHASE_STRIP = NO;
				DEBUG_INFORMATION_FORMAT = dwarf;
				ENABLE_STRICT_OBJC_MSGSEND = YES;
				ENABLE_TESTABILITY = YES;
				GCC_C_LANGUAGE_STANDARD = gnu11;
				GCC_DYNAMIC_NO_PIC = NO;
				GCC_NO_COMMON_BLOCKS = YES;
				GCC_OPTIMIZATION_LEVEL = 0;
				GCC_PREPROCESSOR_DEFINITIONS = (
					"DEBUG=1",
					"$(inherited)",
				);
				GCC_WARN_64_TO_32_BIT_CONVERSION = YES;
				GCC_WARN_ABOUT_RETURN_TYPE = YES_ERROR;
				GCC_WARN_UNDECLARED_SELECTOR = YES;
				GCC_WARN_UNINITIALIZED_AUTOS = YES_AGGRESSIVE;
				GCC_WARN_UNUSED_FUNCTION = YES;
				GCC_WARN_UNUSED_VARIABLE = YES;
				IPHONEOS_DEPLOYMENT_TARGET = 15.0;
				MTL_ENABLE_DEBUG_INFO = INCLUDE_SOURCE;
				MTL_FAST_MATH = YES;
				ONLY_ACTIVE_ARCH = YES;
				SDKROOT = iphoneos;
				SWIFT_ACTIVE_COMPILATION_CONDITIONS = DEBUG;
				SWIFT_OPTIMIZATION_LEVEL = "-Onone";
			};
			name = Debug;
		};
		940E0FF527466F66009BEDFC /* Release */ = {
			isa = XCBuildConfiguration;
			buildSettings = {
				ALWAYS_SEARCH_USER_PATHS = NO;
				CLANG_ANALYZER_NONNULL = YES;
				CLANG_ANALYZER_NUMBER_OBJECT_CONVERSION = YES_AGGRESSIVE;
				CLANG_CXX_LANGUAGE_STANDARD = "gnu++17";
				CLANG_CXX_LIBRARY = "libc++";
				CLANG_ENABLE_MODULES = YES;
				CLANG_ENABLE_OBJC_ARC = YES;
				CLANG_ENABLE_OBJC_WEAK = YES;
				CLANG_WARN_BLOCK_CAPTURE_AUTORELEASING = YES;
				CLANG_WARN_BOOL_CONVERSION = YES;
				CLANG_WARN_COMMA = YES;
				CLANG_WARN_CONSTANT_CONVERSION = YES;
				CLANG_WARN_DEPRECATED_OBJC_IMPLEMENTATIONS = YES;
				CLANG_WARN_DIRECT_OBJC_ISA_USAGE = YES_ERROR;
				CLANG_WARN_DOCUMENTATION_COMMENTS = YES;
				CLANG_WARN_EMPTY_BODY = YES;
				CLANG_WARN_ENUM_CONVERSION = YES;
				CLANG_WARN_INFINITE_RECURSION = YES;
				CLANG_WARN_INT_CONVERSION = YES;
				CLANG_WARN_NON_LITERAL_NULL_CONVERSION = YES;
				CLANG_WARN_OBJC_IMPLICIT_RETAIN_SELF = YES;
				CLANG_WARN_OBJC_LITERAL_CONVERSION = YES;
				CLANG_WARN_OBJC_ROOT_CLASS = YES_ERROR;
				CLANG_WARN_QUOTED_INCLUDE_IN_FRAMEWORK_HEADER = YES;
				CLANG_WARN_RANGE_LOOP_ANALYSIS = YES;
				CLANG_WARN_STRICT_PROTOTYPES = YES;
				CLANG_WARN_SUSPICIOUS_MOVE = YES;
				CLANG_WARN_UNGUARDED_AVAILABILITY = YES_AGGRESSIVE;
				CLANG_WARN_UNREACHABLE_CODE = YES;
				CLANG_WARN__DUPLICATE_METHOD_MATCH = YES;
				COPY_PHASE_STRIP = NO;
				DEBUG_INFORMATION_FORMAT = "dwarf-with-dsym";
				ENABLE_NS_ASSERTIONS = NO;
				ENABLE_STRICT_OBJC_MSGSEND = YES;
				GCC_C_LANGUAGE_STANDARD = gnu11;
				GCC_NO_COMMON_BLOCKS = YES;
				GCC_WARN_64_TO_32_BIT_CONVERSION = YES;
				GCC_WARN_ABOUT_RETURN_TYPE = YES_ERROR;
				GCC_WARN_UNDECLARED_SELECTOR = YES;
				GCC_WARN_UNINITIALIZED_AUTOS = YES_AGGRESSIVE;
				GCC_WARN_UNUSED_FUNCTION = YES;
				GCC_WARN_UNUSED_VARIABLE = YES;
				IPHONEOS_DEPLOYMENT_TARGET = 15.0;
				MTL_ENABLE_DEBUG_INFO = NO;
				MTL_FAST_MATH = YES;
				SDKROOT = iphoneos;
				SWIFT_COMPILATION_MODE = wholemodule;
				SWIFT_OPTIMIZATION_LEVEL = "-O";
				VALIDATE_PRODUCT = YES;
			};
			name = Release;
		};
		940E0FF727466F66009BEDFC /* Debug */ = {
			isa = XCBuildConfiguration;
			baseConfigurationReference = 422C4D686EC804768230A001 /* Pods-ecom.debug.xcconfig */;
			buildSettings = {
				ASSETCATALOG_COMPILER_APPICON_NAME = AppIcon;
				ASSETCATALOG_COMPILER_GLOBAL_ACCENT_COLOR_NAME = AccentColor;
				CODE_SIGN_STYLE = Automatic;
				CURRENT_PROJECT_VERSION = 1;
				DEVELOPMENT_ASSET_PATHS = "\"ecom/Preview Content\"";
				DEVELOPMENT_TEAM = G5YGUKALMP;
				ENABLE_PREVIEWS = YES;
				GENERATE_INFOPLIST_FILE = YES;
				INFOPLIST_KEY_UIApplicationSceneManifest_Generation = YES;
				INFOPLIST_KEY_UIApplicationSupportsIndirectInputEvents = YES;
				INFOPLIST_KEY_UILaunchScreen_Generation = YES;
				INFOPLIST_KEY_UISupportedInterfaceOrientations_iPad = "UIInterfaceOrientationPortrait UIInterfaceOrientationPortraitUpsideDown UIInterfaceOrientationLandscapeLeft UIInterfaceOrientationLandscapeRight";
				INFOPLIST_KEY_UISupportedInterfaceOrientations_iPhone = "UIInterfaceOrientationPortrait UIInterfaceOrientationLandscapeLeft UIInterfaceOrientationLandscapeRight";
				LD_RUNPATH_SEARCH_PATHS = (
					"$(inherited)",
					"@executable_path/Frameworks",
				);
				MARKETING_VERSION = 1.0;
				PRODUCT_BUNDLE_IDENTIFIER = com.m7mdra.ecom;
				PRODUCT_NAME = "$(TARGET_NAME)";
				SWIFT_EMIT_LOC_STRINGS = YES;
				SWIFT_VERSION = 5.0;
				TARGETED_DEVICE_FAMILY = "1,2";
			};
			name = Debug;
		};
		940E0FF827466F66009BEDFC /* Release */ = {
			isa = XCBuildConfiguration;
			baseConfigurationReference = B71CD5DF8BFE52DB7FF863E4 /* Pods-ecom.release.xcconfig */;
			buildSettings = {
				ASSETCATALOG_COMPILER_APPICON_NAME = AppIcon;
				ASSETCATALOG_COMPILER_GLOBAL_ACCENT_COLOR_NAME = AccentColor;
				CODE_SIGN_STYLE = Automatic;
				CURRENT_PROJECT_VERSION = 1;
				DEVELOPMENT_ASSET_PATHS = "\"ecom/Preview Content\"";
				DEVELOPMENT_TEAM = G5YGUKALMP;
				ENABLE_PREVIEWS = YES;
				GENERATE_INFOPLIST_FILE = YES;
				INFOPLIST_KEY_UIApplicationSceneManifest_Generation = YES;
				INFOPLIST_KEY_UIApplicationSupportsIndirectInputEvents = YES;
				INFOPLIST_KEY_UILaunchScreen_Generation = YES;
				INFOPLIST_KEY_UISupportedInterfaceOrientations_iPad = "UIInterfaceOrientationPortrait UIInterfaceOrientationPortraitUpsideDown UIInterfaceOrientationLandscapeLeft UIInterfaceOrientationLandscapeRight";
				INFOPLIST_KEY_UISupportedInterfaceOrientations_iPhone = "UIInterfaceOrientationPortrait UIInterfaceOrientationLandscapeLeft UIInterfaceOrientationLandscapeRight";
				LD_RUNPATH_SEARCH_PATHS = (
					"$(inherited)",
					"@executable_path/Frameworks",
				);
				MARKETING_VERSION = 1.0;
				PRODUCT_BUNDLE_IDENTIFIER = com.m7mdra.ecom;
				PRODUCT_NAME = "$(TARGET_NAME)";
				SWIFT_EMIT_LOC_STRINGS = YES;
				SWIFT_VERSION = 5.0;
				TARGETED_DEVICE_FAMILY = "1,2";
			};
			name = Release;
		};
/* End XCBuildConfiguration section */

/* Begin XCConfigurationList section */
		940E0FE327466F62009BEDFC /* Build configuration list for PBXProject "ecom" */ = {
			isa = XCConfigurationList;
			buildConfigurations = (
				940E0FF427466F66009BEDFC /* Debug */,
				940E0FF527466F66009BEDFC /* Release */,
			);
			defaultConfigurationIsVisible = 0;
			defaultConfigurationName = Release;
		};
		940E0FF627466F66009BEDFC /* Build configuration list for PBXNativeTarget "ecom" */ = {
			isa = XCConfigurationList;
			buildConfigurations = (
				940E0FF727466F66009BEDFC /* Debug */,
				940E0FF827466F66009BEDFC /* Release */,
			);
			defaultConfigurationIsVisible = 0;
			defaultConfigurationName = Release;
		};
/* End XCConfigurationList section */
	};
	rootObject = 940E0FE027466F62009BEDFC /* Project object */;
}
